
Microsoft Visual Studio Solution File, Format Version 12.00
# Visual Studio Version 17
VisualStudioVersion = 17.5.33516.290
MinimumVisualStudioVersion = 10.0.40219.1
Project("{FAE04EC0-301F-11D3-BF4B-00C04F79EFBC}") = "Admin_WALL-E", "Admin_WALL-E\Admin_WALL-E.csproj", "{EB1401AF-D538-4E73-BEAE-70309EA7B319}"
EndProject
Global
	GlobalSection(SolutionConfigurationPlatforms) = preSolution
		Debug|Any CPU = Debug|Any CPU
		Release|Any CPU = Release|Any CPU
	EndGlobalSection
	GlobalSection(ProjectConfigurationPlatforms) = postSolution
		{EB1401AF-D538-4E73-BEAE-70309EA7B319}.Debug|Any CPU.ActiveCfg = Debug|Any CPU
		{EB1401AF-D538-4E73-BEAE-70309EA7B319}.Debug|Any CPU.Build.0 = Debug|Any CPU
		{EB1401AF-D538-4E73-BEAE-70309EA7B319}.Release|Any CPU.ActiveCfg = Release|Any CPU
		{EB1401AF-D538-4E73-BEAE-70309EA7B319}.Release|Any CPU.Build.0 = Release|Any CPU
	EndGlobalSection
	GlobalSection(SolutionProperties) = preSolution
		HideSolutionNode = FALSE
	EndGlobalSection
	GlobalSection(ExtensibilityGlobals) = postSolution
		SolutionGuid = {B327A5FC-9714-42E8-AB85-23655C399975}
	EndGlobalSection
EndGlobal
